# THIS IS AN AUTOGENERATED FILE. DO NOT EDIT THIS FILE DIRECTLY.
# yarn lockfile v1


grunt-banana-checker@^0.9.0:
  version "0.9.0"
  resolved "https://registry.yarnpkg.com/grunt-banana-checker/-/grunt-banana-checker-0.9.0.tgz#0b58cf59ae773c12d26ead8e797f7bbfbde85939"
  integrity sha512-SqPiB6OazWqR8USL0NymtuT5Br3mD9WBBsM1rHC/3wIi2SrZNM6/+j9CIeuEM5oCn+AtO2Y0+rzzFyOdC9afAg==

prettier@^2.0.5:
  version "2.0.5"
  resolved "https://registry.yarnpkg.com/prettier/-/prettier-2.0.5.tgz#d6d56282455243f2f92cc1716692c08aa31522d4"
  integrity sha512-7PtVymN48hGcO4fGjybyBSIWDsLU4H4XlvOHfq91pz9kkGlonzwTfYkaIEwiRg/dAJF9YlbsduBAgtYLi+8cFg==
