# THIS IS AN AUTOGENERATED FILE. DO NOT EDIT THIS FILE DIRECTLY.
# yarn lockfile v1


grunt-banana-checker@0.8.1:
  version "0.8.1"
  resolved "https://registry.yarnpkg.com/grunt-banana-checker/-/grunt-banana-checker-0.8.1.tgz#b7d49defc73052e2f53ae177ff5022eaeb0cc473"
  integrity sha512-fx3lqZZFL9EihNI4BpwNmcjsb5tCVfa/xWVXLT3fipSOrLr/BsWdAUTltscTx55/tSwSR8VbJOulI00e1WTtoA==

prettier@^1.16.4:
  version "1.19.1"
  resolved "https://registry.yarnpkg.com/prettier/-/prettier-1.19.1.tgz#f7d7f5ff8a9cd872a7be4ca142095956a60797cb"
  integrity sha512-s7PoyDv/II1ObgQunCbB9PdLmUcBZcnWOcxDh7O0N/UwDEsHyqkW+Qh28jW+mVuCdx7gLB0BotYI1Y6uI9iyew==
